
Microsoft Visual Studio Solution File, Format Version 12.00
# Visual Studio 15
VisualStudioVersion = 15.0.26430.15
MinimumVisualStudioVersion = 10.0.40219.1
Project("{6989167D-11E4-40FE-8C1A-2192A86A7E90}") = "MF6FMI", "MF6FMI\MF6FMI.vfproj", "{E3CC0842-6F57-4AA3-84B5-2F468CF7ECB9}"
EndProject
Global
	GlobalSection(SolutionConfigurationPlatforms) = preSolution
		Debug|x86 = Debug|x86
		Release|x86 = Release|x86
	EndGlobalSection
	GlobalSection(ProjectConfigurationPlatforms) = postSolution
		{E3CC0842-6F57-4AA3-84B5-2F468CF7ECB9}.Debug|x86.ActiveCfg = Debug|Win32
		{E3CC0842-6F57-4AA3-84B5-2F468CF7ECB9}.Debug|x86.Build.0 = Debug|Win32
		{E3CC0842-6F57-4AA3-84B5-2F468CF7ECB9}.Release|x86.ActiveCfg = Release|Win32
		{E3CC0842-6F57-4AA3-84B5-2F468CF7ECB9}.Release|x86.Build.0 = Release|Win32
	EndGlobalSection
	GlobalSection(SolutionProperties) = preSolution
		HideSolutionNode = FALSE
	EndGlobalSection
EndGlobal
